// !$*UTF8*$!
{
	archiveVersion = 1;
	classes = {
	};
	objectVersion = 46;
	objects = {

/* Begin PBXBuildFile section */
		F891A44B1EEA8E3F00718680 /* main.m in Sources */ = {isa = PBXBuildFile; fileRef = F891A44A1EEA8E3F00718680 /* main.m */; };
		F891A44E1EEA8E3F00718680 /* AppDelegate.m in Sources */ = {isa = PBXBuildFile; fileRef = F891A44D1EEA8E3F00718680 /* AppDelegate.m */; };
		F891A4511EEA8E3F00718680 /* ViewController.m in Sources */ = {isa = PBXBuildFile; fileRef = F891A4501EEA8E3F00718680 /* ViewController.m */; };
		F891A4541EEA8E3F00718680 /* Main.storyboard in Resources */ = {isa = PBXBuildFile; fileRef = F891A4521EEA8E3F00718680 /* Main.storyboard */; };
		F891A4561EEA8E3F00718680 /* Assets.xcassets in Resources */ = {isa = PBXBuildFile; fileRef = F891A4551EEA8E3F00718680 /* Assets.xcassets */; };
		F891A4591EEA8E3F00718680 /* LaunchScreen.storyboard in Resources */ = {isa = PBXBuildFile; fileRef = F891A4571EEA8E3F00718680 /* LaunchScreen.storyboard */; };
		F891A4631EEA8E5200718680 /* UINavigationController+YHPopGesture.m in Sources */ = {isa = PBXBuildFile; fileRef = F891A4621EEA8E5200718680 /* UINavigationController+YHPopGesture.m */; };
/* End PBXBuildFile section */

/* Begin PBXFileReference section */
		F891A4461EEA8E3F00718680 /* Example.app */ = {isa = PBXFileReference; explicitFileType = wrapper.application; includeInIndex = 0; path = Example.app; sourceTree = BUILT_PRODUCTS_DIR; };
		F891A44A1EEA8E3F00718680 /* main.m */ = {isa = PBXFileReference; lastKnownFileType = sourcecode.c.objc; path = main.m; sourceTree = "<group>"; };
		F891A44C1EEA8E3F00718680 /* AppDelegate.h */ = {isa = PBXFileReference; lastKnownFileType = sourcecode.c.h; path = AppDelegate.h; sourceTree = "<group>"; };
		F891A44D1EEA8E3F00718680 /* AppDelegate.m */ = {isa = PBXFileReference; lastKnownFileType = sourcecode.c.objc; path = AppDelegate.m; sourceTree = "<group>"; };
		F891A44F1EEA8E3F00718680 /* ViewController.h */ = {isa = PBXFileReference; lastKnownFileType = sourcecode.c.h; path = ViewController.h; sourceTree = "<group>"; };
		F891A4501EEA8E3F00718680 /* ViewController.m */ = {isa = PBXFileReference; lastKnownFileType = sourcecode.c.objc; path = ViewController.m; sourceTree = "<group>"; };
		F891A4531EEA8E3F00718680 /* Base */ = {isa = PBXFileReference; lastKnownFileType = file.storyboard; name = Base; path = Base.lproj/Main.storyboard; sourceTree = "<group>"; };
		F891A4551EEA8E3F00718680 /* Assets.xcassets */ = {isa = PBXFileReference; lastKnownFileType = folder.assetcatalog; path = Assets.xcassets; sourceTree = "<group>"; };
		F891A4581EEA8E3F00718680 /* Base */ = {isa = PBXFileReference; lastKnownFileType = file.storyboard; name = Base; path = Base.lproj/LaunchScreen.storyboard; sourceTree = "<group>"; };
		F891A45A1EEA8E3F00718680 /* Info.plist */ = {isa = PBXFileReference; lastKnownFileType = text.plist.xml; path = Info.plist; sourceTree = "<group>"; };
		F891A4611EEA8E5200718680 /* UINavigationController+YHPopGesture.h */ = {isa = PBXFileReference; fileEncoding = 4; lastKnownFileType = sourcecode.c.h; path = "UINavigationController+YHPopGesture.h"; sourceTree = "<group>"; };
		F891A4621EEA8E5200718680 /* UINavigationController+YHPopGesture.m */ = {isa = PBXFileReference; fileEncoding = 4; lastKnownFileType = sourcecode.c.objc; path = "UINavigationController+YHPopGesture.m"; sourceTree = "<group>"; };
/* End PBXFileReference section */

/* Begin PBXFrameworksBuildPhase section */
		F891A4431EEA8E3F00718680 /* Frameworks */ = {
			isa = PBXFrameworksBuildPhase;
			buildActionMask = 2147483647;
			files = (
			);
			runOnlyForDeploymentPostprocessing = 0;
		};
/* End PBXFrameworksBuildPhase section */

/* Begin PBXGroup section */
		F891A43D1EEA8E3F00718680 = {
			isa = PBXGroup;
			children = (
				F891A4601EEA8E5200718680 /* UINavigationController+YHPopGesture */,
				F891A4481EEA8E3F00718680 /* Example */,
				F891A4471EEA8E3F00718680 /* Products */,
			);
			sourceTree = "<group>";
		};
		F891A4471EEA8E3F00718680 /* Products */ = {
			isa = PBXGroup;
			children = (
				F891A4461EEA8E3F00718680 /* Example.app */,
			);
			name = Products;
			sourceTree = "<group>";
		};
		F891A4481EEA8E3F00718680 /* Example */ = {
			isa = PBXGroup;
			children = (
				F891A44C1EEA8E3F00718680 /* AppDelegate.h */,
				F891A44D1EEA8E3F00718680 /* AppDelegate.m */,
				F891A44F1EEA8E3F00718680 /* ViewController.h */,
				F891A4501EEA8E3F00718680 /* ViewController.m */,
				F891A4521EEA8E3F00718680 /* Main.storyboard */,
				F891A4551EEA8E3F00718680 /* Assets.xcassets */,
				F891A4571EEA8E3F00718680 /* LaunchScreen.storyboard */,
				F891A45A1EEA8E3F00718680 /* Info.plist */,
				F891A4491EEA8E3F00718680 /* Supporting Files */,
			);
			path = Example;
			sourceTree = "<group>";
		};
		F891A4491EEA8E3F00718680 /* Supporting Files */ = {
			isa = PBXGroup;
			children = (
				F891A44A1EEA8E3F00718680 /* main.m */,
			);
			name = "Supporting Files";
			sourceTree = "<group>";
		};
		F891A4601EEA8E5200718680 /* UINavigationController+YHPopGesture */ = {
			isa = PBXGroup;
			children = (
				F891A4611EEA8E5200718680 /* UINavigationController+YHPopGesture.h */,
				F891A4621EEA8E5200718680 /* UINavigationController+YHPopGesture.m */,
			);
			path = "UINavigationController+YHPopGesture";
			sourceTree = "<group>";
		};
/* End PBXGroup section */

/* Begin PBXNativeTarget section */
		F891A4451EEA8E3F00718680 /* Example */ = {
			isa = PBXNativeTarget;
			buildConfigurationList = F891A45D1EEA8E3F00718680 /* Build configuration list for PBXNativeTarget "Example" */;
			buildPhases = (
				F891A4421EEA8E3F00718680 /* Sources */,
				F891A4431EEA8E3F00718680 /* Frameworks */,
				F891A4441EEA8E3F00718680 /* Resources */,
			);
			buildRules = (
			);
			dependencies = (
			);
			name = Example;
			productName = Example;
			productReference = F891A4461EEA8E3F00718680 /* Example.app */;
			productType = "com.apple.product-type.application";
		};
/* End PBXNativeTarget section */

/* Begin PBXProject section */
		F891A43E1EEA8E3F00718680 /* Project object */ = {
			isa = PBXProject;
			attributes = {
				LastUpgradeCheck = 0830;
				ORGANIZATIONNAME = wyh;
				TargetAttributes = {
					F891A4451EEA8E3F00718680 = {
						CreatedOnToolsVersion = 8.3;
						ProvisioningStyle = Automatic;
					};
				};
			};
			buildConfigurationList = F891A4411EEA8E3F00718680 /* Build configuration list for PBXProject "Example" */;
			compatibilityVersion = "Xcode 3.2";
			developmentRegion = English;
			hasScannedForEncodings = 0;
			knownRegions = (
				en,
				Base,
			);
			mainGroup = F891A43D1EEA8E3F00718680;
			productRefGroup = F891A4471EEA8E3F00718680 /* Products */;
			projectDirPath = "";
			projectRoot = "";
			targets = (
				F891A4451EEA8E3F00718680 /* Example */,
			);
		};
/* End PBXProject section */

/* Begin PBXResourcesBuildPhase section */
		F891A4441EEA8E3F00718680 /* Resources */ = {
			isa = PBXResourcesBuildPhase;
			buildActionMask = 2147483647;
			files = (
				F891A4591EEA8E3F00718680 /* LaunchScreen.storyboard in Resources */,
				F891A4561EEA8E3F00718680 /* Assets.xcassets in Resources */,
				F891A4541EEA8E3F00718680 /* Main.storyboard in Resources */,
			);
			runOnlyForDeploymentPostprocessing = 0;
		};
/* End PBXResourcesBuildPhase section */

/* Begin PBXSourcesBuildPhase section */
		F891A4421EEA8E3F00718680 /* Sources */ = {
			isa = PBXSourcesBuildPhase;
			buildActionMask = 2147483647;
			files = (
				F891A4631EEA8E5200718680 /* UINavigationController+YHPopGesture.m in Sources */,
				F891A4511EEA8E3F00718680 /* ViewController.m in Sources */,
				F891A44E1EEA8E3F00718680 /* AppDelegate.m in Sources */,
				F891A44B1EEA8E3F00718680 /* main.m in Sources */,
			);
			runOnlyForDeploymentPostprocessing = 0;
		};
/* End PBXSourcesBuildPhase section */

/* Begin PBXVariantGroup section */
		F891A4521EEA8E3F00718680 /* Main.storyboard */ = {
			isa = PBXVariantGroup;
			children = (
				F891A4531EEA8E3F00718680 /* Base */,
			);
			name = Main.storyboard;
			sourceTree = "<group>";
		};
		F891A4571EEA8E3F00718680 /* LaunchScreen.storyboard */ = {
			isa = PBXVariantGroup;
			children = (
				F891A4581EEA8E3F00718680 /* Base */,
			);
			name = LaunchScreen.storyboard;
			sourceTree = "<group>";
		};
/* End PBXVariantGroup section */

/* Begin XCBuildConfiguration section */
		F891A45B1EEA8E3F00718680 /* Debug */ = {
			isa = XCBuildConfiguration;
			buildSettings = {
				ALWAYS_SEARCH_USER_PATHS = NO;
				CLANG_ANALYZER_NONNULL = YES;
				CLANG_ANALYZER_NUMBER_OBJECT_CONVERSION = YES_AGGRESSIVE;
				CLANG_CXX_LANGUAGE_STANDARD = "gnu++0x";
				CLANG_CXX_LIBRARY = "libc++";
				CLANG_ENABLE_MODULES = YES;
				CLANG_ENABLE_OBJC_ARC = YES;
				CLANG_WARN_BOOL_CONVERSION = YES;
				CLANG_WARN_CONSTANT_CONVERSION = YES;
				CLANG_WARN_DIRECT_OBJC_ISA_USAGE = YES_ERROR;
				CLANG_WARN_DOCUMENTATION_COMMENTS = YES;
				CLANG_WARN_EMPTY_BODY = YES;
				CLANG_WARN_ENUM_CONVERSION = YES;
				CLANG_WARN_INFINITE_RECURSION = YES;
				CLANG_WARN_INT_CONVERSION = YES;
				CLANG_WARN_OBJC_ROOT_CLASS = YES_ERROR;
				CLANG_WARN_SUSPICIOUS_MOVE = YES;
				CLANG_WARN_UNREACHABLE_CODE = YES;
				CLANG_WARN__DUPLICATE_METHOD_MATCH = YES;
				"CODE_SIGN_IDENTITY[sdk=iphoneos*]" = "iPhone Developer";
				COPY_PHASE_STRIP = NO;
				DEBUG_INFORMATION_FORMAT = dwarf;
				ENABLE_STRICT_OBJC_MSGSEND = YES;
				ENABLE_TESTABILITY = YES;
				GCC_C_LANGUAGE_STANDARD = gnu99;
				GCC_DYNAMIC_NO_PIC = NO;
				GCC_NO_COMMON_BLOCKS = YES;
				GCC_OPTIMIZATION_LEVEL = 0;
				GCC_PREPROCESSOR_DEFINITIONS = (
					"DEBUG=1",
					"$(inherited)",
				);
				GCC_WARN_64_TO_32_BIT_CONVERSION = YES;
				GCC_WARN_ABOUT_RETURN_TYPE = YES_ERROR;
				GCC_WARN_UNDECLARED_SELECTOR = YES;
				GCC_WARN_UNINITIALIZED_AUTOS = YES_AGGRESSIVE;
				GCC_WARN_UNUSED_FUNCTION = YES;
				GCC_WARN_UNUSED_VARIABLE = YES;
				IPHONEOS_DEPLOYMENT_TARGET = 10.3;
				MTL_ENABLE_DEBUG_INFO = YES;
				ONLY_ACTIVE_ARCH = YES;
				SDKROOT = iphoneos;
				TARGETED_DEVICE_FAMILY = "1,2";
			};
			name = Debug;
		};
		F891A45C1EEA8E3F00718680 /* Release */ = {
			isa = XCBuildConfiguration;
			buildSettings = {
				ALWAYS_SEARCH_USER_PATHS = NO;
				CLANG_ANALYZER_NONNULL = YES;
				CLANG_ANALYZER_NUMBER_OBJECT_CONVERSION = YES_AGGRESSIVE;
				CLANG_CXX_LANGUAGE_STANDARD = "gnu++0x";
				CLANG_CXX_LIBRARY = "libc++";
				CLANG_ENABLE_MODULES = YES;
				CLANG_ENABLE_OBJC_ARC = YES;
				CLANG_WARN_BOOL_CONVERSION = YES;
				CLANG_WARN_CONSTANT_CONVERSION = YES;
				CLANG_WARN_DIRECT_OBJC_ISA_USAGE = YES_ERROR;
				CLANG_WARN_DOCUMENTATION_COMMENTS = YES;
				CLANG_WARN_EMPTY_BODY = YES;
				CLANG_WARN_ENUM_CONVERSION = YES;
				CLANG_WARN_INFINITE_RECURSION = YES;
				CLANG_WARN_INT_CONVERSION = YES;
				CLANG_WARN_OBJC_ROOT_CLASS = YES_ERROR;
				CLANG_WARN_SUSPICIOUS_MOVE = YES;
				CLANG_WARN_UNREACHABLE_CODE = YES;
				CLANG_WARN__DUPLICATE_METHOD_MATCH = YES;
				"CODE_SIGN_IDENTITY[sdk=iphoneos*]" = "iPhone Developer";
				COPY_PHASE_STRIP = NO;
				DEBUG_INFORMATION_FORMAT = "dwarf-with-dsym";
				ENABLE_NS_ASSERTIONS = NO;
				ENABLE_STRICT_OBJC_MSGSEND = YES;
				GCC_C_LANGUAGE_STANDARD = gnu99;
				GCC_NO_COMMON_BLOCKS = YES;
				GCC_WARN_64_TO_32_BIT_CONVERSION = YES;
				GCC_WARN_ABOUT_RETURN_TYPE = YES_ERROR;
				GCC_WARN_UNDECLARED_SELECTOR = YES;
				GCC_WARN_UNINITIALIZED_AUTOS = YES_AGGRESSIVE;
				GCC_WARN_UNUSED_FUNCTION = YES;
				GCC_WARN_UNUSED_VARIABLE = YES;
				IPHONEOS_DEPLOYMENT_TARGET = 10.3;
				MTL_ENABLE_DEBUG_INFO = NO;
				SDKROOT = iphoneos;
				TARGETED_DEVICE_FAMILY = "1,2";
				VALIDATE_PRODUCT = YES;
			};
			name = Release;
		};
		F891A45E1EEA8E3F00718680 /* Debug */ = {
			isa = XCBuildConfiguration;
			buildSettings = {
				ASSETCATALOG_COMPILER_APPICON_NAME = AppIcon;
				INFOPLIST_FILE = Example/Info.plist;
				LD_RUNPATH_SEARCH_PATHS = "$(inherited) @executable_path/Frameworks";
				PRODUCT_BUNDLE_IDENTIFIER = com.wyh.Example;
				PRODUCT_NAME = "$(TARGET_NAME)";
			};
			name = Debug;
		};
		F891A45F1EEA8E3F00718680 /* Release */ = {
			isa = XCBuildConfiguration;
			buildSettings = {
				ASSETCATALOG_COMPILER_APPICON_NAME = AppIcon;
				INFOPLIST_FILE = Example/Info.plist;
				LD_RUNPATH_SEARCH_PATHS = "$(inherited) @executable_path/Frameworks";
				PRODUCT_BUNDLE_IDENTIFIER = com.wyh.Example;
				PRODUCT_NAME = "$(TARGET_NAME)";
			};
			name = Release;
		};
/* End XCBuildConfiguration section */

/* Begin XCConfigurationList section */
		F891A4411EEA8E3F00718680 /* Build configuration list for PBXProject "Example" */ = {
			isa = XCConfigurationList;
			buildConfigurations = (
				F891A45B1EEA8E3F00718680 /* Debug */,
				F891A45C1EEA8E3F00718680 /* Release */,
			);
			defaultConfigurationIsVisible = 0;
			defaultConfigurationName = Release;
		};
		F891A45D1EEA8E3F00718680 /* Build configuration list for PBXNativeTarget "Example" */ = {
			isa = XCConfigurationList;
			buildConfigurations = (
				F891A45E1EEA8E3F00718680 /* Debug */,
				F891A45F1EEA8E3F00718680 /* Release */,
			);
			defaultConfigurationIsVisible = 0;
		};
/* End XCConfigurationList section */
	};
	rootObject = F891A43E1EEA8E3F00718680 /* Project object */;
}
